
Microsoft Visual Studio Solution File, Format Version 12.00
# Visual Studio Version 16
VisualStudioVersion = 16.0.29613.14
MinimumVisualStudioVersion = 10.0.40219.1
Project("{9A19103F-16F7-4668-BE54-9A1E7A4F7556}") = "Sop.Common.Img", "Sop.Common.Img\Sop.Common.Img.csproj", "{4FD175E0-EDF0-47E7-8B04-B1B98313F890}"
EndProject
Project("{9A19103F-16F7-4668-BE54-9A1E7A4F7556}") = "Sop.Common.Img.Tests", "Sop.Common.Img.Tests\Sop.Common.Img.Tests.csproj", "{81B4AB7F-5843-4B5C-911A-AF588176E0A4}"
EndProject
Project("{9A19103F-16F7-4668-BE54-9A1E7A4F7556}") = "Tesseract", "Tesseract\Tesseract.csproj", "{53B49D68-CBCB-4A38-8A9C-EFE9D45336E3}"
EndProject
Project("{9A19103F-16F7-4668-BE54-9A1E7A4F7556}") = "ImageSharp", "ImageSharp\ImageSharp\ImageSharp.csproj", "{804F03A6-7403-4B7C-9B7A-A56DBB872CC0}"
EndProject
Project("{9A19103F-16F7-4668-BE54-9A1E7A4F7556}") = "SixLabors.Core", "ImageSharp\SixLabors.Core\SixLabors.Core.csproj", "{339E646F-B43A-4C96-BB25-514D3BC855B4}"
EndProject
Global
	GlobalSection(SolutionConfigurationPlatforms) = preSolution
		Debug|Any CPU = Debug|Any CPU
		Release|Any CPU = Release|Any CPU
	EndGlobalSection
	GlobalSection(ProjectConfigurationPlatforms) = postSolution
		{4FD175E0-EDF0-47E7-8B04-B1B98313F890}.Debug|Any CPU.ActiveCfg = Debug|Any CPU
		{4FD175E0-EDF0-47E7-8B04-B1B98313F890}.Debug|Any CPU.Build.0 = Debug|Any CPU
		{4FD175E0-EDF0-47E7-8B04-B1B98313F890}.Release|Any CPU.ActiveCfg = Release|Any CPU
		{4FD175E0-EDF0-47E7-8B04-B1B98313F890}.Release|Any CPU.Build.0 = Release|Any CPU
		{81B4AB7F-5843-4B5C-911A-AF588176E0A4}.Debug|Any CPU.ActiveCfg = Debug|Any CPU
		{81B4AB7F-5843-4B5C-911A-AF588176E0A4}.Debug|Any CPU.Build.0 = Debug|Any CPU
		{81B4AB7F-5843-4B5C-911A-AF588176E0A4}.Release|Any CPU.ActiveCfg = Release|Any CPU
		{81B4AB7F-5843-4B5C-911A-AF588176E0A4}.Release|Any CPU.Build.0 = Release|Any CPU
		{53B49D68-CBCB-4A38-8A9C-EFE9D45336E3}.Debug|Any CPU.ActiveCfg = Debug|Any CPU
		{53B49D68-CBCB-4A38-8A9C-EFE9D45336E3}.Debug|Any CPU.Build.0 = Debug|Any CPU
		{53B49D68-CBCB-4A38-8A9C-EFE9D45336E3}.Release|Any CPU.ActiveCfg = Release|Any CPU
		{53B49D68-CBCB-4A38-8A9C-EFE9D45336E3}.Release|Any CPU.Build.0 = Release|Any CPU
		{804F03A6-7403-4B7C-9B7A-A56DBB872CC0}.Debug|Any CPU.ActiveCfg = Debug|Any CPU
		{804F03A6-7403-4B7C-9B7A-A56DBB872CC0}.Debug|Any CPU.Build.0 = Debug|Any CPU
		{804F03A6-7403-4B7C-9B7A-A56DBB872CC0}.Release|Any CPU.ActiveCfg = Release|Any CPU
		{804F03A6-7403-4B7C-9B7A-A56DBB872CC0}.Release|Any CPU.Build.0 = Release|Any CPU
		{339E646F-B43A-4C96-BB25-514D3BC855B4}.Debug|Any CPU.ActiveCfg = Debug|Any CPU
		{339E646F-B43A-4C96-BB25-514D3BC855B4}.Debug|Any CPU.Build.0 = Debug|Any CPU
		{339E646F-B43A-4C96-BB25-514D3BC855B4}.Release|Any CPU.ActiveCfg = Release|Any CPU
		{339E646F-B43A-4C96-BB25-514D3BC855B4}.Release|Any CPU.Build.0 = Release|Any CPU
	EndGlobalSection
	GlobalSection(SolutionProperties) = preSolution
		HideSolutionNode = FALSE
	EndGlobalSection
	GlobalSection(ExtensibilityGlobals) = postSolution
		SolutionGuid = {6A6B9FB4-FC38-453E-9798-4857FA1FB8A4}
	EndGlobalSection
EndGlobal
